
Microsoft Visual Studio Solution File, Format Version 12.00
# Visual Studio 15
VisualStudioVersion = 15.0.27428.2015
MinimumVisualStudioVersion = 10.0.40219.1
Project("{FAE04EC0-301F-11D3-BF4B-00C04F79EFBC}") = "WebApplication1", "WebApplication1\WebApplication1.csproj", "{8D59A5A2-1B90-4D81-B99F-9BF43D581B74}"
EndProject
Global
	GlobalSection(SolutionConfigurationPlatforms) = preSolution
		Debug|Any CPU = Debug|Any CPU
		Release|Any CPU = Release|Any CPU
	EndGlobalSection
	GlobalSection(ProjectConfigurationPlatforms) = postSolution
		{8D59A5A2-1B90-4D81-B99F-9BF43D581B74}.Debug|Any CPU.ActiveCfg = Debug|Any CPU
		{8D59A5A2-1B90-4D81-B99F-9BF43D581B74}.Debug|Any CPU.Build.0 = Debug|Any CPU
		{8D59A5A2-1B90-4D81-B99F-9BF43D581B74}.Release|Any CPU.ActiveCfg = Release|Any CPU
		{8D59A5A2-1B90-4D81-B99F-9BF43D581B74}.Release|Any CPU.Build.0 = Release|Any CPU
	EndGlobalSection
	GlobalSection(SolutionProperties) = preSolution
		HideSolutionNode = FALSE
	EndGlobalSection
	GlobalSection(ExtensibilityGlobals) = postSolution
		SolutionGuid = {463BB1EB-E493-40A8-88F4-A09230A83398}
	EndGlobalSection
EndGlobal
